
Microsoft Visual Studio Solution File, Format Version 12.00
# Visual Studio 14
VisualStudioVersion = 14.0.25420.1
MinimumVisualStudioVersion = 10.0.40219.1
Project("{FAE04EC0-301F-11D3-BF4B-00C04F79EFBC}") = "Lab3Start", "Lab3Start\Lab3Start.csproj", "{E252C01F-6D5E-455C-A85D-B6104CBE2F46}"
EndProject
Project("{FAE04EC0-301F-11D3-BF4B-00C04F79EFBC}") = "Lab3Console", "Lab3Console\Lab3Console.csproj", "{954CE0EE-EB97-445C-87CC-DAC8FBA79BEC}"
EndProject
Global
	GlobalSection(SolutionConfigurationPlatforms) = preSolution
		Debug|Any CPU = Debug|Any CPU
		Release|Any CPU = Release|Any CPU
	EndGlobalSection
	GlobalSection(ProjectConfigurationPlatforms) = postSolution
		{E252C01F-6D5E-455C-A85D-B6104CBE2F46}.Debug|Any CPU.ActiveCfg = Debug|Any CPU
		{E252C01F-6D5E-455C-A85D-B6104CBE2F46}.Debug|Any CPU.Build.0 = Debug|Any CPU
		{E252C01F-6D5E-455C-A85D-B6104CBE2F46}.Release|Any CPU.ActiveCfg = Release|Any CPU
		{E252C01F-6D5E-455C-A85D-B6104CBE2F46}.Release|Any CPU.Build.0 = Release|Any CPU
		{954CE0EE-EB97-445C-87CC-DAC8FBA79BEC}.Debug|Any CPU.ActiveCfg = Debug|Any CPU
		{954CE0EE-EB97-445C-87CC-DAC8FBA79BEC}.Debug|Any CPU.Build.0 = Debug|Any CPU
		{954CE0EE-EB97-445C-87CC-DAC8FBA79BEC}.Release|Any CPU.ActiveCfg = Release|Any CPU
		{954CE0EE-EB97-445C-87CC-DAC8FBA79BEC}.Release|Any CPU.Build.0 = Release|Any CPU
	EndGlobalSection
	GlobalSection(SolutionProperties) = preSolution
		HideSolutionNode = FALSE
	EndGlobalSection
EndGlobal
